
Microsoft Visual Studio Solution File, Format Version 12.00
# Visual Studio Version 16
VisualStudioVersion = 16.0.32510.428
MinimumVisualStudioVersion = 10.0.40219.1
Project("{8BC9CEB8-8B4A-11D0-8D11-00A0C91BC942}") = "CplusPassword", "CplusPassword\CplusPassword.vcxproj", "{A2FEC74F-BCA4-4EAD-93DD-008B4D2C0FAB}"
EndProject
Global
	GlobalSection(SolutionConfigurationPlatforms) = preSolution
		Debug|x64 = Debug|x64
		Debug|x86 = Debug|x86
		Release|x64 = Release|x64
		Release|x86 = Release|x86
	EndGlobalSection
	GlobalSection(ProjectConfigurationPlatforms) = postSolution
		{A2FEC74F-BCA4-4EAD-93DD-008B4D2C0FAB}.Debug|x64.ActiveCfg = Debug|x64
		{A2FEC74F-BCA4-4EAD-93DD-008B4D2C0FAB}.Debug|x64.Build.0 = Debug|x64
		{A2FEC74F-BCA4-4EAD-93DD-008B4D2C0FAB}.Debug|x86.ActiveCfg = Debug|Win32
		{A2FEC74F-BCA4-4EAD-93DD-008B4D2C0FAB}.Debug|x86.Build.0 = Debug|Win32
		{A2FEC74F-BCA4-4EAD-93DD-008B4D2C0FAB}.Release|x64.ActiveCfg = Release|x64
		{A2FEC74F-BCA4-4EAD-93DD-008B4D2C0FAB}.Release|x64.Build.0 = Release|x64
		{A2FEC74F-BCA4-4EAD-93DD-008B4D2C0FAB}.Release|x86.ActiveCfg = Release|Win32
		{A2FEC74F-BCA4-4EAD-93DD-008B4D2C0FAB}.Release|x86.Build.0 = Release|Win32
	EndGlobalSection
	GlobalSection(SolutionProperties) = preSolution
		HideSolutionNode = FALSE
	EndGlobalSection
	GlobalSection(ExtensibilityGlobals) = postSolution
		SolutionGuid = {DFDF6F6B-8D50-4E4A-B969-C59FB17D976D}
	EndGlobalSection
EndGlobal
